PODS:
  - AWSAuthCore (2.18.0):
    - AWSCore (= 2.18.0)
  - AWSCognitoIdentityProvider (2.18.0):
    - AWSCognitoIdentityProviderASF (= 2.18.0)
    - AWSCore (= 2.18.0)
  - AWSCognitoIdentityProviderASF (2.18.0)
  - AWSCore (2.18.0)
  - AWSMobileClient (2.18.0):
    - AWSAuthCore (= 2.18.0)
    - AWSCognitoIdentityProvider (= 2.18.0)
    - AWSCognitoIdentityProviderASF (= 2.18.0)
    - AWSCore (= 2.18.0)
  - CwlCatchException (1.0.2)
  - CwlPreconditionTesting (1.1.1):
    - CwlCatchException
  - SwiftFormat/CLI (0.44.17)
  - SwiftLint (0.40.3)

DEPENDENCIES:
  - AWSMobileClient (~> 2.18.0)
  - CwlCatchException (from `https://github.com/mattgallagher/CwlCatchException.git`, tag `1.2.0`)
  - CwlPreconditionTesting (from `https://github.com/mattgallagher/CwlPreconditionTesting.git`, tag `1.2.0`)
  - SwiftFormat/CLI (= 0.44.17)
  - SwiftLint

SPEC REPOS:
  trunk:
    - AWSAuthCore
    - AWSCognitoIdentityProvider
    - AWSCognitoIdentityProviderASF
    - AWSCore
    - AWSMobileClient
    - SwiftFormat
    - SwiftLint

EXTERNAL SOURCES:
  CwlCatchException:
    :git: https://github.com/mattgallagher/CwlCatchException.git
    :tag: 1.2.0
  CwlPreconditionTesting:
    :git: https://github.com/mattgallagher/CwlPreconditionTesting.git
    :tag: 1.2.0

CHECKOUT OPTIONS:
  CwlCatchException:
    :git: https://github.com/mattgallagher/CwlCatchException.git
    :tag: 1.2.0
  CwlPreconditionTesting:
    :git: https://github.com/mattgallagher/CwlPreconditionTesting.git
    :tag: 1.2.0

SPEC CHECKSUMS:
  AWSAuthCore: d350688ae52b9644a0713901e436cb529dce15b7
  AWSCognitoIdentityProvider: ae02dbb7d2f53291adbfd52e7334286abde8bb3f
  AWSCognitoIdentityProviderASF: 3c8bb7a1f306d21d22c4429509da5cf34ef72e6d
  AWSCore: e8cc7fd06efa211328942cc7c9f6dddbe889a115
  AWSMobileClient: b082181b527b2f68222006fa996a2ec4d7be6386
  CwlCatchException: 70a52ae44ea5d46db7bd385f801a94942420cd8c
  CwlPreconditionTesting: d33a4e4f285c0b885fddcae5dfedfbb34d4f3961
  SwiftFormat: 3b5caa6389b2b9adbc00e133b3ccc8c6e687a6a4
  SwiftLint: dfd554ff0dff17288ee574814ccdd5cea85d76f7

PODFILE CHECKSUM: a2acde35ab1bc6b80b362106cfda70905a6a840f

COCOAPODS: 1.9.3
