PODS:
  - AWSAuthCore (2.13.6):
    - AWSCore (= 2.13.6)
  - AWSCognitoIdentityProvider (2.13.6):
    - AWSCognitoIdentityProviderASF (= 1.0.1)
    - AWSCore (= 2.13.6)
  - AWSCognitoIdentityProviderASF (1.0.1)
  - AWSCore (2.13.6)
  - AWSMobileClient (2.13.6):
    - AWSAuthCore (= 2.13.6)
    - AWSCognitoIdentityProvider (= 2.13.6)
  - CwlCatchException (1.0.2)
  - CwlPreconditionTesting (1.1.1):
    - CwlCatchException
  - SwiftFormat/CLI (0.44.14)
  - SwiftLint (0.39.2)

DEPENDENCIES:
  - AWSMobileClient (~> 2.13.6)
  - CwlCatchException (from `https://github.com/mattgallagher/CwlCatchException.git`, tag `1.2.0`)
  - CwlPreconditionTesting (from `https://github.com/mattgallagher/CwlPreconditionTesting.git`, tag `1.2.0`)
  - SwiftFormat/CLI
  - SwiftLint

SPEC REPOS:
  trunk:
    - AWSAuthCore
    - AWSCognitoIdentityProvider
    - AWSCognitoIdentityProviderASF
    - AWSCore
    - AWSMobileClient
    - SwiftFormat
    - SwiftLint

EXTERNAL SOURCES:
  CwlCatchException:
    :git: https://github.com/mattgallagher/CwlCatchException.git
    :tag: 1.2.0
  CwlPreconditionTesting:
    :git: https://github.com/mattgallagher/CwlPreconditionTesting.git
    :tag: 1.2.0

CHECKOUT OPTIONS:
  CwlCatchException:
    :git: https://github.com/mattgallagher/CwlCatchException.git
    :tag: 1.2.0
  CwlPreconditionTesting:
    :git: https://github.com/mattgallagher/CwlPreconditionTesting.git
    :tag: 1.2.0

SPEC CHECKSUMS:
  AWSAuthCore: 62e92b5ffbd66b8ba0eac471e7f90ccfa76cf63b
  AWSCognitoIdentityProvider: 05f14f7c892df9ff764268d2ac33b4e95288e603
  AWSCognitoIdentityProviderASF: f94f1a502e72ef3d0a1de93e10bf7a79c8698118
  AWSCore: 2b6015f278770e745b4863ac5f45e007e647f298
  AWSMobileClient: 420a899c4691c7f0991daa35daee82a84396ec63
  CwlCatchException: 70a52ae44ea5d46db7bd385f801a94942420cd8c
  CwlPreconditionTesting: d33a4e4f285c0b885fddcae5dfedfbb34d4f3961
  SwiftFormat: a5ab293a7f6a812bec6f4ffc5507b7ed08f7f6e1
  SwiftLint: 22ccbbe3b8008684be5955693bab135e0ed6a447

PODFILE CHECKSUM: a2acde35ab1bc6b80b362106cfda70905a6a840f

COCOAPODS: 1.9.3
