PODS:
  - Amplify (1.7.2):
    - Amplify/Default (= 1.7.2)
  - Amplify/Default (1.7.2)
  - AmplifyPlugins/AWSCognitoAuthPlugin (1.7.2):
    - AWSAuthCore (~> 2.23.0)
    - AWSCognitoIdentityProvider (~> 2.23.0)
    - AWSCognitoIdentityProviderASF (~> 2.23.0)
    - AWSCore (~> 2.23.0)
    - AWSMobileClient (~> 2.23.0)
    - AWSPluginsCore (= 1.7.2)
  - AmplifyTestCommon (1.7.2):
    - Amplify (= 1.7.2)
    - AmplifyTestCommon/AWSPluginsTestCommon (= 1.7.2)
  - AmplifyTestCommon/AWSPluginsTestCommon (1.7.2):
    - Amplify (= 1.7.2)
    - AWSCore (~> 2.23.0)
    - AWSMobileClient (~> 2.23.0)
    - AWSPluginsCore (= 1.7.2)
  - AppSyncRealTimeClient (1.4.3):
    - Starscream (~> 3.1.0)
  - AWSAuthCore (2.23.2):
    - AWSCore (= 2.23.2)
  - AWSCognitoIdentityProvider (2.23.2):
    - AWSCognitoIdentityProviderASF (= 2.23.2)
    - AWSCore (= 2.23.2)
  - AWSCognitoIdentityProviderASF (2.23.2)
  - AWSCore (2.23.2)
  - AWSMobileClient (2.23.2):
    - AWSAuthCore (= 2.23.2)
    - AWSCognitoIdentityProvider (= 2.23.2)
    - AWSCognitoIdentityProviderASF (= 2.23.2)
    - AWSCore (= 2.23.2)
  - AWSPluginsCore (1.7.2):
    - Amplify (= 1.7.2)
    - AWSCore (~> 2.23.0)
  - CwlCatchException (1.0.2)
  - CwlPreconditionTesting (1.1.1):
    - CwlCatchException
  - Starscream (3.1.1)
  - SwiftFormat/CLI (0.44.17)
  - SwiftLint (0.43.1)

DEPENDENCIES:
  - Amplify (from `../../`)
  - AmplifyPlugins/AWSCognitoAuthPlugin (from `../../`)
  - AmplifyTestCommon (from `../../`)
  - AppSyncRealTimeClient (~> 1.4.0)
  - AWSMobileClient (~> 2.23.0)
  - AWSPluginsCore (from `../../`)
  - CwlCatchException (from `https://github.com/mattgallagher/CwlCatchException.git`, tag `1.2.0`)
  - CwlPreconditionTesting (from `https://github.com/mattgallagher/CwlPreconditionTesting.git`, tag `1.2.0`)
  - SwiftFormat/CLI (= 0.44.17)
  - SwiftLint

SPEC REPOS:
  trunk:
    - AppSyncRealTimeClient
    - AWSAuthCore
    - AWSCognitoIdentityProvider
    - AWSCognitoIdentityProviderASF
    - AWSCore
    - AWSMobileClient
    - Starscream
    - SwiftFormat
    - SwiftLint

EXTERNAL SOURCES:
  Amplify:
    :path: "../../"
  AmplifyPlugins:
    :path: "../../"
  AmplifyTestCommon:
    :path: "../../"
  AWSPluginsCore:
    :path: "../../"
  CwlCatchException:
    :git: https://github.com/mattgallagher/CwlCatchException.git
    :tag: 1.2.0
  CwlPreconditionTesting:
    :git: https://github.com/mattgallagher/CwlPreconditionTesting.git
    :tag: 1.2.0

CHECKOUT OPTIONS:
  CwlCatchException:
    :git: https://github.com/mattgallagher/CwlCatchException.git
    :tag: 1.2.0
  CwlPreconditionTesting:
    :git: https://github.com/mattgallagher/CwlPreconditionTesting.git
    :tag: 1.2.0

SPEC CHECKSUMS:
  Amplify: 254e40b21406cd8fb578cbeb96ce4921b996598e
  AmplifyPlugins: 5f3a4bc1bf725d225129b55be304287817c49a1f
  AmplifyTestCommon: e5a9bb910fd83905a7b91f95048e542c4e785bd7
  AppSyncRealTimeClient: 04df4dffe57cfbd06da336d0bfcd5641ba9adcb5
  AWSAuthCore: 59770d4c2c1b3dbb183b95d1867e3584b4816e54
  AWSCognitoIdentityProvider: 5bd6988ea7c8f9ee43151e19bdd8e803558ad45f
  AWSCognitoIdentityProviderASF: 30ccb19228b6e743805bf15a72278ca9f399bc21
  AWSCore: 70f79e95ee30f8eefa7122391d76ace516778f22
  AWSMobileClient: 54fd215e76e34a8edb3cb1199788a69543cebc95
  AWSPluginsCore: 13d0f6c3a0af58a8f219c735048cdcc4222741f8
  CwlCatchException: 70a52ae44ea5d46db7bd385f801a94942420cd8c
  CwlPreconditionTesting: d33a4e4f285c0b885fddcae5dfedfbb34d4f3961
  Starscream: 4bb2f9942274833f7b4d296a55504dcfc7edb7b0
  SwiftFormat: 3b5caa6389b2b9adbc00e133b3ccc8c6e687a6a4
  SwiftLint: 99f82d07b837b942dd563c668de129a03fc3fb52

PODFILE CHECKSUM: 857e4ea8246683593b8a7db77014aeb7340c15a5

COCOAPODS: 1.10.1
