PODS:
  - Amplify (1.14.0):
    - Amplify/Default (= 1.14.0)
  - Amplify/Default (1.14.0)
  - AmplifyTestCommon (1.14.0):
    - Amplify (= 1.14.0)
    - AmplifyTestCommon/AWSPluginsTestCommon (= 1.14.0)
  - AmplifyTestCommon/AWSPluginsTestCommon (1.14.0):
    - Amplify (= 1.14.0)
    - AWSCore (~> 2.26.0)
    - AWSMobileClient (~> 2.26.0)
    - AWSPluginsCore (= 1.14.0)
  - AWSAuthCore (2.26.0):
    - AWSCore (= 2.26.0)
  - AWSCognitoIdentityProvider (2.26.0):
    - AWSCognitoIdentityProviderASF (= 2.26.0)
    - AWSCore (= 2.26.0)
  - AWSCognitoIdentityProviderASF (2.26.0)
  - AWSCore (2.26.0)
  - AWSMobileClient (2.26.0):
    - AWSAuthCore (= 2.26.0)
    - AWSCognitoIdentityProvider (= 2.26.0)
    - AWSCognitoIdentityProviderASF (= 2.26.0)
    - AWSCore (= 2.26.0)
  - AWSPluginsCore (1.14.0):
    - Amplify (= 1.14.0)
    - AWSCore (~> 2.26.0)
  - CwlCatchException (1.0.2)
  - CwlPreconditionTesting (1.1.1):
    - CwlCatchException
  - SwiftFormat/CLI (0.44.17)
  - SwiftLint (0.44.0)

DEPENDENCIES:
  - Amplify (from `../../`)
  - AmplifyTestCommon (from `../../`)
  - AWSMobileClient (~> 2.26.0)
  - AWSPluginsCore (from `../../`)
  - CwlCatchException (from `https://github.com/mattgallagher/CwlCatchException.git`, tag `1.2.0`)
  - CwlPreconditionTesting (from `https://github.com/mattgallagher/CwlPreconditionTesting.git`, tag `1.2.0`)
  - SwiftFormat/CLI (= 0.44.17)
  - SwiftLint

SPEC REPOS:
  trunk:
    - AWSAuthCore
    - AWSCognitoIdentityProvider
    - AWSCognitoIdentityProviderASF
    - AWSCore
    - AWSMobileClient
    - SwiftFormat
    - SwiftLint

EXTERNAL SOURCES:
  Amplify:
    :path: "../../"
  AmplifyTestCommon:
    :path: "../../"
  AWSPluginsCore:
    :path: "../../"
  CwlCatchException:
    :git: https://github.com/mattgallagher/CwlCatchException.git
    :tag: 1.2.0
  CwlPreconditionTesting:
    :git: https://github.com/mattgallagher/CwlPreconditionTesting.git
    :tag: 1.2.0

CHECKOUT OPTIONS:
  CwlCatchException:
    :git: https://github.com/mattgallagher/CwlCatchException.git
    :tag: 1.2.0
  CwlPreconditionTesting:
    :git: https://github.com/mattgallagher/CwlPreconditionTesting.git
    :tag: 1.2.0

SPEC CHECKSUMS:
  Amplify: 6402de6b8e46f3228b59fef3dfe379ebbfb0e0f1
  AmplifyTestCommon: cf9d5a7a3bb697f8cd5fe4d8fae0f968033abdd0
  AWSAuthCore: e33e7d1c2a7e6c08a026865f9396b0ef870faac3
  AWSCognitoIdentityProvider: 4119e1492b23fc408a18c6dafe06888ef03c96e3
  AWSCognitoIdentityProviderASF: a7f1e8cbafbac53ea1150ca50eac870d5c04dacf
  AWSCore: b6d8dda67f24c6fc4c354334ec6d34238f37b735
  AWSMobileClient: a9a498884df72531e3e73c9d7bb087f72364204d
  AWSPluginsCore: 75950cfd39535b0a3654096cb472a7ee5b2ce0fa
  CwlCatchException: 70a52ae44ea5d46db7bd385f801a94942420cd8c
  CwlPreconditionTesting: d33a4e4f285c0b885fddcae5dfedfbb34d4f3961
  SwiftFormat: 3b5caa6389b2b9adbc00e133b3ccc8c6e687a6a4
  SwiftLint: e96c0a8c770c7ebbc4d36c55baf9096bb65c4584

PODFILE CHECKSUM: 371cf67fe35ebb5167d0880bad12b01618a0fb0e

COCOAPODS: 1.10.1
