PODS:
  - Amplify (1.6.1):
    - Amplify/Default (= 1.6.1)
  - Amplify/Default (1.6.1)
  - AmplifyPlugins/AWSCognitoAuthPlugin (1.6.1):
    - AWSAuthCore (~> 2.23.0)
    - AWSCognitoIdentityProvider (~> 2.23.0)
    - AWSCognitoIdentityProviderASF (~> 2.23.0)
    - AWSCore (~> 2.23.0)
    - AWSMobileClient (~> 2.23.0)
    - AWSPluginsCore (= 1.6.1)
  - AmplifyTestCommon (1.6.1):
    - Amplify (= 1.6.1)
    - AmplifyTestCommon/AWSPluginsTestCommon (= 1.6.1)
  - AmplifyTestCommon/AWSPluginsTestCommon (1.6.1):
    - Amplify (= 1.6.1)
    - AWSCore (~> 2.23.0)
    - AWSMobileClient (~> 2.23.0)
    - AWSPluginsCore (= 1.6.1)
  - AWSAuthCore (2.23.1):
    - AWSCore (= 2.23.1)
  - AWSCognitoIdentityProvider (2.23.1):
    - AWSCognitoIdentityProviderASF (= 2.23.1)
    - AWSCore (= 2.23.1)
  - AWSCognitoIdentityProviderASF (2.23.1)
  - AWSComprehend (2.23.1):
    - AWSCore (= 2.23.1)
  - AWSCore (2.23.1)
  - AWSMobileClient (2.23.1):
    - AWSAuthCore (= 2.23.1)
    - AWSCognitoIdentityProvider (= 2.23.1)
    - AWSCognitoIdentityProviderASF (= 2.23.1)
    - AWSCore (= 2.23.1)
  - AWSPluginsCore (1.6.1):
    - Amplify (= 1.6.1)
    - AWSCore (~> 2.23.0)
  - AWSPolly (2.23.1):
    - AWSCore (= 2.23.1)
  - AWSRekognition (2.23.1):
    - AWSCore (= 2.23.1)
  - AWSTextract (2.23.1):
    - AWSCore (= 2.23.1)
  - AWSTranscribeStreaming (2.23.1):
    - AWSCore (= 2.23.1)
  - AWSTranslate (2.23.1):
    - AWSCore (= 2.23.1)
  - CwlCatchException (1.0.2)
  - CwlPreconditionTesting (1.1.1):
    - CwlCatchException
  - SwiftFormat/CLI (0.44.17)
  - SwiftLint (0.43.1)

DEPENDENCIES:
  - Amplify (from `../../`)
  - AmplifyPlugins/AWSCognitoAuthPlugin (from `../../`)
  - AmplifyTestCommon (from `../../`)
  - AWSComprehend (~> 2.23.0)
  - AWSPluginsCore (from `../../`)
  - AWSPolly (~> 2.23.0)
  - AWSRekognition (~> 2.23.0)
  - AWSTextract (~> 2.23.0)
  - AWSTranscribeStreaming (~> 2.23.0)
  - AWSTranslate (~> 2.23.0)
  - CwlCatchException (from `https://github.com/mattgallagher/CwlCatchException.git`, tag `1.2.0`)
  - CwlPreconditionTesting (from `https://github.com/mattgallagher/CwlPreconditionTesting.git`, tag `1.2.0`)
  - SwiftFormat/CLI (= 0.44.17)
  - SwiftLint

SPEC REPOS:
  trunk:
    - AWSAuthCore
    - AWSCognitoIdentityProvider
    - AWSCognitoIdentityProviderASF
    - AWSComprehend
    - AWSCore
    - AWSMobileClient
    - AWSPolly
    - AWSRekognition
    - AWSTextract
    - AWSTranscribeStreaming
    - AWSTranslate
    - SwiftFormat
    - SwiftLint

EXTERNAL SOURCES:
  Amplify:
    :path: "../../"
  AmplifyPlugins:
    :path: "../../"
  AmplifyTestCommon:
    :path: "../../"
  AWSPluginsCore:
    :path: "../../"
  CwlCatchException:
    :git: https://github.com/mattgallagher/CwlCatchException.git
    :tag: 1.2.0
  CwlPreconditionTesting:
    :git: https://github.com/mattgallagher/CwlPreconditionTesting.git
    :tag: 1.2.0

CHECKOUT OPTIONS:
  CwlCatchException:
    :git: https://github.com/mattgallagher/CwlCatchException.git
    :tag: 1.2.0
  CwlPreconditionTesting:
    :git: https://github.com/mattgallagher/CwlPreconditionTesting.git
    :tag: 1.2.0

SPEC CHECKSUMS:
  Amplify: 4d0c3b0871e1f268c81ce5e9b65532df0a013900
  AmplifyPlugins: 51dfaeafe662cd571c4d4dfd3bdc5987fef2d5a7
  AmplifyTestCommon: df44b4bffc133d0ef5abbc14109ba5dd1c7f4cbe
  AWSAuthCore: d9f9c418df00f45f399e407dc6c2bce33870b0af
  AWSCognitoIdentityProvider: 8bf316cc96554d4c88ca4b1dcae0589923fb95f5
  AWSCognitoIdentityProviderASF: f9b0d373dfce6d5395f0b69f2301f5db927d9fc8
  AWSComprehend: 0d6e0fe7a518a446f49a5e3b8eae21a8a303f395
  AWSCore: 48bf561f5fb3616ef42c1f7f3eeb4b502d11f69d
  AWSMobileClient: ffe1179b9e6d5db7cea3f807df7d47f5d00a5c65
  AWSPluginsCore: f41f8a478fe3fd8839ec16278b86dededefb0628
  AWSPolly: 09e5d8ca52f45609df7bfee25300ff624642bbf2
  AWSRekognition: f8f346a25d4a8d98840847a6a61dc7c1cc026520
  AWSTextract: fcb83903e814c3656a837ccc17aa752ef2b78180
  AWSTranscribeStreaming: f47fbf1183b38330e14c254f0f4a31c4a2f21fba
  AWSTranslate: 62f2dfc44201186ba315942f189fbc582c738ace
  CwlCatchException: 70a52ae44ea5d46db7bd385f801a94942420cd8c
  CwlPreconditionTesting: d33a4e4f285c0b885fddcae5dfedfbb34d4f3961
  SwiftFormat: 3b5caa6389b2b9adbc00e133b3ccc8c6e687a6a4
  SwiftLint: 99f82d07b837b942dd563c668de129a03fc3fb52

PODFILE CHECKSUM: 65cca76c6059f8ccc8628936971fb9e4b035fb10

COCOAPODS: 1.9.3
