PODS:
  - Amplify (1.13.4):
    - Amplify/Default (= 1.13.4)
  - Amplify/Default (1.13.4)
  - AmplifyPlugins/AWSCognitoAuthPlugin (1.13.4):
    - AWSAuthCore (~> 2.25.0)
    - AWSCognitoIdentityProvider (~> 2.25.0)
    - AWSCognitoIdentityProviderASF (~> 2.25.0)
    - AWSCore (~> 2.25.0)
    - AWSMobileClient (~> 2.25.0)
    - AWSPluginsCore (= 1.13.4)
  - AmplifyTestCommon (1.13.4):
    - Amplify (= 1.13.4)
    - AmplifyTestCommon/AWSPluginsTestCommon (= 1.13.4)
  - AmplifyTestCommon/AWSPluginsTestCommon (1.13.4):
    - Amplify (= 1.13.4)
    - AWSCore (~> 2.25.0)
    - AWSMobileClient (~> 2.25.0)
    - AWSPluginsCore (= 1.13.4)
  - AWSAuthCore (2.25.0):
    - AWSCore (= 2.25.0)
  - AWSCognitoIdentityProvider (2.25.0):
    - AWSCognitoIdentityProviderASF (= 2.25.0)
    - AWSCore (= 2.25.0)
  - AWSCognitoIdentityProviderASF (2.25.0)
  - AWSComprehend (2.25.0):
    - AWSCore (= 2.25.0)
  - AWSCore (2.25.0)
  - AWSMobileClient (2.25.0):
    - AWSAuthCore (= 2.25.0)
    - AWSCognitoIdentityProvider (= 2.25.0)
    - AWSCognitoIdentityProviderASF (= 2.25.0)
    - AWSCore (= 2.25.0)
  - AWSPluginsCore (1.13.4):
    - Amplify (= 1.13.4)
    - AWSCore (~> 2.25.0)
  - AWSPolly (2.25.0):
    - AWSCore (= 2.25.0)
  - AWSRekognition (2.25.0):
    - AWSCore (= 2.25.0)
  - AWSTextract (2.25.0):
    - AWSCore (= 2.25.0)
  - AWSTranscribeStreaming (2.25.0):
    - AWSCore (= 2.25.0)
  - AWSTranslate (2.25.0):
    - AWSCore (= 2.25.0)
  - CwlCatchException (1.0.2)
  - CwlPreconditionTesting (1.1.1):
    - CwlCatchException
  - SwiftFormat/CLI (0.44.17)
  - SwiftLint (0.43.1)

DEPENDENCIES:
  - Amplify (from `../../`)
  - AmplifyPlugins/AWSCognitoAuthPlugin (from `../../`)
  - AmplifyTestCommon (from `../../`)
  - AWSComprehend (~> 2.25.0)
  - AWSPluginsCore (from `../../`)
  - AWSPolly (~> 2.25.0)
  - AWSRekognition (~> 2.25.0)
  - AWSTextract (~> 2.25.0)
  - AWSTranscribeStreaming (~> 2.25.0)
  - AWSTranslate (~> 2.25.0)
  - CwlCatchException (from `https://github.com/mattgallagher/CwlCatchException.git`, tag `1.2.0`)
  - CwlPreconditionTesting (from `https://github.com/mattgallagher/CwlPreconditionTesting.git`, tag `1.2.0`)
  - SwiftFormat/CLI (= 0.44.17)
  - SwiftLint

SPEC REPOS:
  trunk:
    - AWSAuthCore
    - AWSCognitoIdentityProvider
    - AWSCognitoIdentityProviderASF
    - AWSComprehend
    - AWSCore
    - AWSMobileClient
    - AWSPolly
    - AWSRekognition
    - AWSTextract
    - AWSTranscribeStreaming
    - AWSTranslate
    - SwiftFormat
    - SwiftLint

EXTERNAL SOURCES:
  Amplify:
    :path: "../../"
  AmplifyPlugins:
    :path: "../../"
  AmplifyTestCommon:
    :path: "../../"
  AWSPluginsCore:
    :path: "../../"
  CwlCatchException:
    :git: https://github.com/mattgallagher/CwlCatchException.git
    :tag: 1.2.0
  CwlPreconditionTesting:
    :git: https://github.com/mattgallagher/CwlPreconditionTesting.git
    :tag: 1.2.0

CHECKOUT OPTIONS:
  CwlCatchException:
    :git: https://github.com/mattgallagher/CwlCatchException.git
    :tag: 1.2.0
  CwlPreconditionTesting:
    :git: https://github.com/mattgallagher/CwlPreconditionTesting.git
    :tag: 1.2.0

SPEC CHECKSUMS:
  Amplify: 11b9c65b428f4897bbacc64983af94ba4ff187d7
  AmplifyPlugins: 290f52ebdc10a84af0b0408d52b6153b0806e31f
  AmplifyTestCommon: e8e710f1f6b637abd7f0811c3de99b939f740f1b
  AWSAuthCore: c1ea75ec283e5ac3eb042de21f7ab127ad50de11
  AWSCognitoIdentityProvider: f52be11a4b2f2e9971ef0559da24e288d5c28869
  AWSCognitoIdentityProviderASF: d58893fe74d0db1817e77592eed30c4f5b5a2672
  AWSComprehend: 660fda74466eab001fd3e25159ab65e4f7a69ac8
  AWSCore: 9c51a3004e9e91528160ea978fd0c5d92780a45e
  AWSMobileClient: b4480d4b69b1ae52a76588f74bf9c936f7600e46
  AWSPluginsCore: c7807376b795c0976065e40bc31de11ac4b2a0f5
  AWSPolly: 62399ad7460e6e0650eef910854093ac312d2158
  AWSRekognition: 4b0ddf5795dcf6348e3f004cd066b66c7b3dcb73
  AWSTextract: 39da3cdf6743358ea4216a659aa4fc1cf0bf09c5
  AWSTranscribeStreaming: 98fa7d81635e6a2c4834d2fce5f51af602d76cea
  AWSTranslate: c0bc66e3845d175cec13128c3dee57170be4cede
  CwlCatchException: 70a52ae44ea5d46db7bd385f801a94942420cd8c
  CwlPreconditionTesting: d33a4e4f285c0b885fddcae5dfedfbb34d4f3961
  SwiftFormat: 3b5caa6389b2b9adbc00e133b3ccc8c6e687a6a4
  SwiftLint: 99f82d07b837b942dd563c668de129a03fc3fb52

PODFILE CHECKSUM: 65cca76c6059f8ccc8628936971fb9e4b035fb10

COCOAPODS: 1.10.1
