PODS:
  - Amplify (1.4.3):
    - Amplify/Default (= 1.4.3)
  - Amplify/Default (1.4.3)
  - AmplifyPlugins/AWSCognitoAuthPlugin (1.4.3):
    - AWSAuthCore (~> 2.19.0)
    - AWSCognitoIdentityProvider (~> 2.19.0)
    - AWSCognitoIdentityProviderASF (~> 2.19.0)
    - AWSCore (~> 2.19.0)
    - AWSMobileClient (~> 2.19.0)
    - AWSPluginsCore (= 1.4.3)
  - AmplifyTestCommon (1.4.3):
    - Amplify (= 1.4.3)
    - AmplifyTestCommon/AWSPluginsTestCommon (= 1.4.3)
  - AmplifyTestCommon/AWSPluginsTestCommon (1.4.3):
    - Amplify (= 1.4.3)
    - AWSCore (~> 2.19.0)
    - AWSPluginsCore (= 1.4.3)
  - AWSAuthCore (2.19.1):
    - AWSCore (= 2.19.1)
  - AWSCognitoIdentityProvider (2.19.1):
    - AWSCognitoIdentityProviderASF (= 2.19.1)
    - AWSCore (= 2.19.1)
  - AWSCognitoIdentityProviderASF (2.19.1)
  - AWSCore (2.19.1)
  - AWSMobileClient (2.19.1):
    - AWSAuthCore (= 2.19.1)
    - AWSCognitoIdentityProvider (= 2.19.1)
    - AWSCognitoIdentityProviderASF (= 2.19.1)
    - AWSCore (= 2.19.1)
  - AWSPluginsCore (1.4.3):
    - Amplify (= 1.4.3)
    - AWSCore (~> 2.19.0)
    - AWSMobileClient (~> 2.19.0)
  - AWSS3 (2.19.1):
    - AWSCore (= 2.19.1)
  - CwlCatchException (1.0.2)
  - CwlPreconditionTesting (1.1.1):
    - CwlCatchException
  - SwiftFormat/CLI (0.44.17)
  - SwiftLint (0.41.0)

DEPENDENCIES:
  - Amplify (from `../../`)
  - AmplifyPlugins/AWSCognitoAuthPlugin (from `../../`)
  - AmplifyTestCommon (from `../../`)
  - AWSPluginsCore (from `../../`)
  - AWSS3 (~> 2.19.0)
  - CwlCatchException (from `https://github.com/mattgallagher/CwlCatchException.git`, tag `1.2.0`)
  - CwlPreconditionTesting (from `https://github.com/mattgallagher/CwlPreconditionTesting.git`, tag `1.2.0`)
  - SwiftFormat/CLI (= 0.44.17)
  - SwiftLint

SPEC REPOS:
  trunk:
    - AWSAuthCore
    - AWSCognitoIdentityProvider
    - AWSCognitoIdentityProviderASF
    - AWSCore
    - AWSMobileClient
    - AWSS3
    - SwiftFormat
    - SwiftLint

EXTERNAL SOURCES:
  Amplify:
    :path: "../../"
  AmplifyPlugins:
    :path: "../../"
  AmplifyTestCommon:
    :path: "../../"
  AWSPluginsCore:
    :path: "../../"
  CwlCatchException:
    :git: https://github.com/mattgallagher/CwlCatchException.git
    :tag: 1.2.0
  CwlPreconditionTesting:
    :git: https://github.com/mattgallagher/CwlPreconditionTesting.git
    :tag: 1.2.0

CHECKOUT OPTIONS:
  CwlCatchException:
    :git: https://github.com/mattgallagher/CwlCatchException.git
    :tag: 1.2.0
  CwlPreconditionTesting:
    :git: https://github.com/mattgallagher/CwlPreconditionTesting.git
    :tag: 1.2.0

SPEC CHECKSUMS:
  Amplify: 45e6a71e421e454eb075b160a74e67443af11e76
  AmplifyPlugins: 8ca498863cd0c59c96f2c13bc23ddfc431a852c8
  AmplifyTestCommon: 80cafd35d1d6b67dd10688d6892fb9a18cf87074
  AWSAuthCore: 387c5e3482edbbb0fe754fa110a2a0203c783432
  AWSCognitoIdentityProvider: e6932c709d3e0b234128aeb5f2052c9bf1032d8d
  AWSCognitoIdentityProviderASF: 749f58b75e69f7f0144b9d38539525562b843d34
  AWSCore: 55c154ae27efc5c98bdc30a0eeea5a35d10a2ab5
  AWSMobileClient: b908cada3c35da9cfe5b4ff9947fcf70142495e7
  AWSPluginsCore: 816e590a9ad57570b14e14f5888dbc7845936683
  AWSS3: 2272253b098d07803af8dd20ce6ce7302bcffb47
  CwlCatchException: 70a52ae44ea5d46db7bd385f801a94942420cd8c
  CwlPreconditionTesting: d33a4e4f285c0b885fddcae5dfedfbb34d4f3961
  SwiftFormat: 3b5caa6389b2b9adbc00e133b3ccc8c6e687a6a4
  SwiftLint: c585ebd615d9520d7fbdbe151f527977b0534f1e

PODFILE CHECKSUM: 23c3028505a2f56c001d01c66c1622dff6f8dd8e

COCOAPODS: 1.9.3
