// !$*UTF8*$!
{
	archiveVersion = 1;
	classes = {
	};
	objectVersion = 55;
	objects = {

/* Begin PBXBuildFile section */
		5C2E096829551E3100673FF9 /* Amplify in Frameworks */ = {isa = PBXBuildFile; productRef = 5C2E096729551E3100673FF9 /* Amplify */; };
		5C2E096A29551E3F00673FF9 /* AWSPinpointAnalyticsPlugin in Frameworks */ = {isa = PBXBuildFile; productRef = 5C2E096929551E3F00673FF9 /* AWSPinpointAnalyticsPlugin */; };
		5C2E096C2955210C00673FF9 /* AWSPluginsCore in Frameworks */ = {isa = PBXBuildFile; productRef = 5C2E096B2955210C00673FF9 /* AWSPluginsCore */; };
		6857646028AE94D9000CE2E9 /* AnalyticsHostAppApp.swift in Sources */ = {isa = PBXBuildFile; fileRef = 6857645F28AE94D9000CE2E9 /* AnalyticsHostAppApp.swift */; };
		6857646228AE94D9000CE2E9 /* ContentView.swift in Sources */ = {isa = PBXBuildFile; fileRef = 6857646128AE94D9000CE2E9 /* ContentView.swift */; };
		6857647928AE95ED000CE2E9 /* AWSPinpointAnalyticsPluginIntegrationTests.swift in Sources */ = {isa = PBXBuildFile; fileRef = 6857647828AE95ED000CE2E9 /* AWSPinpointAnalyticsPluginIntegrationTests.swift */; };
		6857648928AE9951000CE2E9 /* TestConfigHelper.swift in Sources */ = {isa = PBXBuildFile; fileRef = 6857648828AE9951000CE2E9 /* TestConfigHelper.swift */; };
		9737697629519E050074B63A /* AsyncTesting.swift in Sources */ = {isa = PBXBuildFile; fileRef = 9737697029519DEC0074B63A /* AsyncTesting.swift */; };
		9737697729519E050074B63A /* AsyncExpectation.swift in Sources */ = {isa = PBXBuildFile; fileRef = 9737697129519DEC0074B63A /* AsyncExpectation.swift */; };
		9737697829519E050074B63A /* XCTestCase+AsyncTesting.swift in Sources */ = {isa = PBXBuildFile; fileRef = 9737697229519DEC0074B63A /* XCTestCase+AsyncTesting.swift */; };
		97914D2429564227002000EA /* AsyncTesting.swift in Sources */ = {isa = PBXBuildFile; fileRef = 9737697029519DEC0074B63A /* AsyncTesting.swift */; };
		97914D2529564227002000EA /* AsyncExpectation.swift in Sources */ = {isa = PBXBuildFile; fileRef = 9737697129519DEC0074B63A /* AsyncExpectation.swift */; };
		97914D2629564227002000EA /* XCTestCase+AsyncTesting.swift in Sources */ = {isa = PBXBuildFile; fileRef = 9737697229519DEC0074B63A /* XCTestCase+AsyncTesting.swift */; };
		97914D2829564227002000EA /* TestConfigHelper.swift in Sources */ = {isa = PBXBuildFile; fileRef = 6857648828AE9951000CE2E9 /* TestConfigHelper.swift */; };
		97914D3029564246002000EA /* AnalyticsStressTests.swift in Sources */ = {isa = PBXBuildFile; fileRef = 97914D19295641D3002000EA /* AnalyticsStressTests.swift */; };
		97914D32295642B6002000EA /* README.md in Resources */ = {isa = PBXBuildFile; fileRef = 97914D31295642B6002000EA /* README.md */; };
/* End PBXBuildFile section */

/* Begin PBXContainerItemProxy section */
		6857647A28AE95ED000CE2E9 /* PBXContainerItemProxy */ = {
			isa = PBXContainerItemProxy;
			containerPortal = 6857645428AE94D9000CE2E9 /* Project object */;
			proxyType = 1;
			remoteGlobalIDString = 6857645B28AE94D9000CE2E9;
			remoteInfo = AnalyticsHostApp;
		};
		97914D2229564227002000EA /* PBXContainerItemProxy */ = {
			isa = PBXContainerItemProxy;
			containerPortal = 6857645428AE94D9000CE2E9 /* Project object */;
			proxyType = 1;
			remoteGlobalIDString = 6857645B28AE94D9000CE2E9;
			remoteInfo = AnalyticsHostApp;
		};
/* End PBXContainerItemProxy section */

/* Begin PBXFileReference section */
		5C2E096629551CDD00673FF9 /* amplify-swift */ = {isa = PBXFileReference; lastKnownFileType = wrapper; name = "amplify-swift"; path = ../../../..; sourceTree = "<group>"; };
		6857645C28AE94D9000CE2E9 /* AnalyticsHostApp.app */ = {isa = PBXFileReference; explicitFileType = wrapper.application; includeInIndex = 0; path = AnalyticsHostApp.app; sourceTree = BUILT_PRODUCTS_DIR; };
		6857645F28AE94D9000CE2E9 /* AnalyticsHostAppApp.swift */ = {isa = PBXFileReference; lastKnownFileType = sourcecode.swift; path = AnalyticsHostAppApp.swift; sourceTree = "<group>"; };
		6857646128AE94D9000CE2E9 /* ContentView.swift */ = {isa = PBXFileReference; lastKnownFileType = sourcecode.swift; path = ContentView.swift; sourceTree = "<group>"; };
		6857647628AE95ED000CE2E9 /* AWSPinpointAnalyticsPluginIntegrationTests.xctest */ = {isa = PBXFileReference; explicitFileType = wrapper.cfbundle; includeInIndex = 0; path = AWSPinpointAnalyticsPluginIntegrationTests.xctest; sourceTree = BUILT_PRODUCTS_DIR; };
		6857647828AE95ED000CE2E9 /* AWSPinpointAnalyticsPluginIntegrationTests.swift */ = {isa = PBXFileReference; lastKnownFileType = sourcecode.swift; path = AWSPinpointAnalyticsPluginIntegrationTests.swift; sourceTree = "<group>"; };
		6857648828AE9951000CE2E9 /* TestConfigHelper.swift */ = {isa = PBXFileReference; lastKnownFileType = sourcecode.swift; path = TestConfigHelper.swift; sourceTree = "<group>"; };
		90046B9C2A454A1F002A36CC /* AnalyticsHostApp.entitlements */ = {isa = PBXFileReference; lastKnownFileType = text.plist.entitlements; path = AnalyticsHostApp.entitlements; sourceTree = "<group>"; };
		9737697029519DEC0074B63A /* AsyncTesting.swift */ = {isa = PBXFileReference; fileEncoding = 4; lastKnownFileType = sourcecode.swift; path = AsyncTesting.swift; sourceTree = "<group>"; };
		9737697129519DEC0074B63A /* AsyncExpectation.swift */ = {isa = PBXFileReference; fileEncoding = 4; lastKnownFileType = sourcecode.swift; path = AsyncExpectation.swift; sourceTree = "<group>"; };
		9737697229519DEC0074B63A /* XCTestCase+AsyncTesting.swift */ = {isa = PBXFileReference; fileEncoding = 4; lastKnownFileType = sourcecode.swift; path = "XCTestCase+AsyncTesting.swift"; sourceTree = "<group>"; };
		97914D19295641D3002000EA /* AnalyticsStressTests.swift */ = {isa = PBXFileReference; lastKnownFileType = sourcecode.swift; path = AnalyticsStressTests.swift; sourceTree = "<group>"; };
		97914D2F29564227002000EA /* AnalyticsStressTests.xctest */ = {isa = PBXFileReference; explicitFileType = wrapper.cfbundle; includeInIndex = 0; path = AnalyticsStressTests.xctest; sourceTree = BUILT_PRODUCTS_DIR; };
		97914D31295642B6002000EA /* README.md */ = {isa = PBXFileReference; fileEncoding = 4; lastKnownFileType = net.daringfireball.markdown; path = README.md; sourceTree = "<group>"; };
/* End PBXFileReference section */

/* Begin PBXFrameworksBuildPhase section */
		6857645928AE94D9000CE2E9 /* Frameworks */ = {
			isa = PBXFrameworksBuildPhase;
			buildActionMask = 2147483647;
			files = (
				5C2E096829551E3100673FF9 /* Amplify in Frameworks */,
				5C2E096A29551E3F00673FF9 /* AWSPinpointAnalyticsPlugin in Frameworks */,
				5C2E096C2955210C00673FF9 /* AWSPluginsCore in Frameworks */,
			);
			runOnlyForDeploymentPostprocessing = 0;
		};
		6857647328AE95ED000CE2E9 /* Frameworks */ = {
			isa = PBXFrameworksBuildPhase;
			buildActionMask = 2147483647;
			files = (
			);
			runOnlyForDeploymentPostprocessing = 0;
		};
		97914D2929564227002000EA /* Frameworks */ = {
			isa = PBXFrameworksBuildPhase;
			buildActionMask = 2147483647;
			files = (
			);
			runOnlyForDeploymentPostprocessing = 0;
		};
/* End PBXFrameworksBuildPhase section */

/* Begin PBXGroup section */
		6857645328AE94D9000CE2E9 = {
			isa = PBXGroup;
			children = (
				6857648028AE9688000CE2E9 /* Packages */,
				6857645E28AE94D9000CE2E9 /* AnalyticsHostApp */,
				6857647728AE95ED000CE2E9 /* AWSPinpointAnalyticsPluginIntegrationTests */,
				97914D18295641D3002000EA /* AnalyticsStressTests */,
				6857645D28AE94D9000CE2E9 /* Products */,
				6857648328AE97FF000CE2E9 /* Frameworks */,
			);
			sourceTree = "<group>";
		};
		6857645D28AE94D9000CE2E9 /* Products */ = {
			isa = PBXGroup;
			children = (
				6857645C28AE94D9000CE2E9 /* AnalyticsHostApp.app */,
				6857647628AE95ED000CE2E9 /* AWSPinpointAnalyticsPluginIntegrationTests.xctest */,
				97914D2F29564227002000EA /* AnalyticsStressTests.xctest */,
			);
			name = Products;
			sourceTree = "<group>";
		};
		6857645E28AE94D9000CE2E9 /* AnalyticsHostApp */ = {
			isa = PBXGroup;
			children = (
				90046B9C2A454A1F002A36CC /* AnalyticsHostApp.entitlements */,
				9737696F29519DEC0074B63A /* AsyncTesting */,
				6857645F28AE94D9000CE2E9 /* AnalyticsHostAppApp.swift */,
				6857646128AE94D9000CE2E9 /* ContentView.swift */,
			);
			path = AnalyticsHostApp;
			sourceTree = "<group>";
		};
		6857647728AE95ED000CE2E9 /* AWSPinpointAnalyticsPluginIntegrationTests */ = {
			isa = PBXGroup;
			children = (
				6857647828AE95ED000CE2E9 /* AWSPinpointAnalyticsPluginIntegrationTests.swift */,
				6857648828AE9951000CE2E9 /* TestConfigHelper.swift */,
			);
			path = AWSPinpointAnalyticsPluginIntegrationTests;
			sourceTree = "<group>";
		};
		6857648028AE9688000CE2E9 /* Packages */ = {
			isa = PBXGroup;
			children = (
				5C2E096629551CDD00673FF9 /* amplify-swift */,
			);
			name = Packages;
			sourceTree = "<group>";
		};
		6857648328AE97FF000CE2E9 /* Frameworks */ = {
			isa = PBXGroup;
			children = (
			);
			name = Frameworks;
			sourceTree = "<group>";
		};
		9737696F29519DEC0074B63A /* AsyncTesting */ = {
			isa = PBXGroup;
			children = (
				9737697029519DEC0074B63A /* AsyncTesting.swift */,
				9737697129519DEC0074B63A /* AsyncExpectation.swift */,
				9737697229519DEC0074B63A /* XCTestCase+AsyncTesting.swift */,
			);
			name = AsyncTesting;
			path = ../../../../../AmplifyAsyncTesting/Sources/AsyncTesting;
			sourceTree = "<group>";
		};
		97914D18295641D3002000EA /* AnalyticsStressTests */ = {
			isa = PBXGroup;
			children = (
				97914D31295642B6002000EA /* README.md */,
				97914D19295641D3002000EA /* AnalyticsStressTests.swift */,
			);
			path = AnalyticsStressTests;
			sourceTree = "<group>";
		};
/* End PBXGroup section */

/* Begin PBXNativeTarget section */
		6857645B28AE94D9000CE2E9 /* AnalyticsHostApp */ = {
			isa = PBXNativeTarget;
			buildConfigurationList = 6857646A28AE94DA000CE2E9 /* Build configuration list for PBXNativeTarget "AnalyticsHostApp" */;
			buildPhases = (
				6857645828AE94D9000CE2E9 /* Sources */,
				6857645928AE94D9000CE2E9 /* Frameworks */,
				6857645A28AE94D9000CE2E9 /* Resources */,
			);
			buildRules = (
			);
			dependencies = (
			);
			name = AnalyticsHostApp;
			packageProductDependencies = (
				5C2E096729551E3100673FF9 /* Amplify */,
				5C2E096929551E3F00673FF9 /* AWSPinpointAnalyticsPlugin */,
				5C2E096B2955210C00673FF9 /* AWSPluginsCore */,
			);
			productName = AnalyticsHostApp;
			productReference = 6857645C28AE94D9000CE2E9 /* AnalyticsHostApp.app */;
			productType = "com.apple.product-type.application";
		};
		6857647528AE95ED000CE2E9 /* AWSPinpointAnalyticsPluginIntegrationTests */ = {
			isa = PBXNativeTarget;
			buildConfigurationList = 6857647C28AE95ED000CE2E9 /* Build configuration list for PBXNativeTarget "AWSPinpointAnalyticsPluginIntegrationTests" */;
			buildPhases = (
				6857647228AE95ED000CE2E9 /* Sources */,
				6857647328AE95ED000CE2E9 /* Frameworks */,
				6857647428AE95ED000CE2E9 /* Resources */,
				6857647F28AE9615000CE2E9 /* Copy Configuration folder */,
			);
			buildRules = (
			);
			dependencies = (
				6857647B28AE95ED000CE2E9 /* PBXTargetDependency */,
			);
			name = AWSPinpointAnalyticsPluginIntegrationTests;
			productName = AWSPinpointAnalyticsPluginIntegrationTests;
			productReference = 6857647628AE95ED000CE2E9 /* AWSPinpointAnalyticsPluginIntegrationTests.xctest */;
			productType = "com.apple.product-type.bundle.unit-test";
		};
		97914D2029564227002000EA /* AnalyticsStressTests */ = {
			isa = PBXNativeTarget;
			buildConfigurationList = 97914D2C29564227002000EA /* Build configuration list for PBXNativeTarget "AnalyticsStressTests" */;
			buildPhases = (
				97914D2329564227002000EA /* Sources */,
				97914D2929564227002000EA /* Frameworks */,
				97914D2A29564227002000EA /* Resources */,
				97914D2B29564227002000EA /* Copy Configuration folder */,
			);
			buildRules = (
			);
			dependencies = (
				97914D2129564227002000EA /* PBXTargetDependency */,
			);
			name = AnalyticsStressTests;
			productName = AWSPinpointAnalyticsPluginIntegrationTests;
			productReference = 97914D2F29564227002000EA /* AnalyticsStressTests.xctest */;
			productType = "com.apple.product-type.bundle.unit-test";
		};
/* End PBXNativeTarget section */

/* Begin PBXProject section */
		6857645428AE94D9000CE2E9 /* Project object */ = {
			isa = PBXProject;
			attributes = {
				BuildIndependentTargetsInParallel = 1;
				LastSwiftUpdateCheck = 1400;
				LastUpgradeCheck = 1340;
				TargetAttributes = {
					6857645B28AE94D9000CE2E9 = {
						CreatedOnToolsVersion = 13.4.1;
					};
					6857647528AE95ED000CE2E9 = {
						CreatedOnToolsVersion = 13.4.1;
						TestTargetID = 6857645B28AE94D9000CE2E9;
					};
				};
			};
			buildConfigurationList = 6857645728AE94D9000CE2E9 /* Build configuration list for PBXProject "AnalyticsHostApp" */;
			compatibilityVersion = "Xcode 13.0";
			developmentRegion = en;
			hasScannedForEncodings = 0;
			knownRegions = (
				en,
				Base,
			);
			mainGroup = 6857645328AE94D9000CE2E9;
			productRefGroup = 6857645D28AE94D9000CE2E9 /* Products */;
			projectDirPath = "";
			projectRoot = "";
			targets = (
				6857645B28AE94D9000CE2E9 /* AnalyticsHostApp */,
				6857647528AE95ED000CE2E9 /* AWSPinpointAnalyticsPluginIntegrationTests */,
				97914D2029564227002000EA /* AnalyticsStressTests */,
			);
		};
/* End PBXProject section */

/* Begin PBXResourcesBuildPhase section */
		6857645A28AE94D9000CE2E9 /* Resources */ = {
			isa = PBXResourcesBuildPhase;
			buildActionMask = 2147483647;
			files = (
			);
			runOnlyForDeploymentPostprocessing = 0;
		};
		6857647428AE95ED000CE2E9 /* Resources */ = {
			isa = PBXResourcesBuildPhase;
			buildActionMask = 2147483647;
			files = (
			);
			runOnlyForDeploymentPostprocessing = 0;
		};
		97914D2A29564227002000EA /* Resources */ = {
			isa = PBXResourcesBuildPhase;
			buildActionMask = 2147483647;
			files = (
				97914D32295642B6002000EA /* README.md in Resources */,
			);
			runOnlyForDeploymentPostprocessing = 0;
		};
/* End PBXResourcesBuildPhase section */

/* Begin PBXShellScriptBuildPhase section */
		6857647F28AE9615000CE2E9 /* Copy Configuration folder */ = {
			isa = PBXShellScriptBuildPhase;
			buildActionMask = 2147483647;
			files = (
			);
			inputFileListPaths = (
			);
			inputPaths = (
			);
			name = "Copy Configuration folder";
			outputFileListPaths = (
			);
			outputPaths = (
			);
			runOnlyForDeploymentPostprocessing = 0;
			shellPath = /bin/sh;
			shellScript = "TEMP_FILE=$HOME/.aws-amplify/amplify-ios/testconfiguration/.\nDEST_PATH=\"${TARGET_BUILD_DIR}/${UNLOCALIZED_RESOURCES_FOLDER_PATH}/testconfiguration/\"\n\nif [[ ! -d $TEMP_FILE ]] ; then\n    echo \"${TEMP_FILE} does not exist. Using empty configuration.\"\n    exit 0\nfi\n      \nif [[ -f $DEST_PATH ]] ; then\n    rm $DEST_PATH\nfi\n      \ncp -r $TEMP_FILE $DEST_PATH\n";
		};
		97914D2B29564227002000EA /* Copy Configuration folder */ = {
			isa = PBXShellScriptBuildPhase;
			buildActionMask = 2147483647;
			files = (
			);
			inputFileListPaths = (
			);
			inputPaths = (
			);
			name = "Copy Configuration folder";
			outputFileListPaths = (
			);
			outputPaths = (
			);
			runOnlyForDeploymentPostprocessing = 0;
			shellPath = /bin/sh;
			shellScript = "TEMP_FILE=$HOME/.aws-amplify/amplify-ios/testconfiguration/.\nDEST_PATH=\"${TARGET_BUILD_DIR}/${UNLOCALIZED_RESOURCES_FOLDER_PATH}/testconfiguration/\"\n\nif [[ ! -d $TEMP_FILE ]] ; then\n    echo \"${TEMP_FILE} does not exist. Using empty configuration.\"\n    exit 0\nfi\n      \nif [[ -f $DEST_PATH ]] ; then\n    rm $DEST_PATH\nfi\n      \ncp -r $TEMP_FILE $DEST_PATH\n";
		};
/* End PBXShellScriptBuildPhase section */

/* Begin PBXSourcesBuildPhase section */
		6857645828AE94D9000CE2E9 /* Sources */ = {
			isa = PBXSourcesBuildPhase;
			buildActionMask = 2147483647;
			files = (
				6857646228AE94D9000CE2E9 /* ContentView.swift in Sources */,
				6857646028AE94D9000CE2E9 /* AnalyticsHostAppApp.swift in Sources */,
			);
			runOnlyForDeploymentPostprocessing = 0;
		};
		6857647228AE95ED000CE2E9 /* Sources */ = {
			isa = PBXSourcesBuildPhase;
			buildActionMask = 2147483647;
			files = (
				9737697629519E050074B63A /* AsyncTesting.swift in Sources */,
				9737697729519E050074B63A /* AsyncExpectation.swift in Sources */,
				9737697829519E050074B63A /* XCTestCase+AsyncTesting.swift in Sources */,
				6857647928AE95ED000CE2E9 /* AWSPinpointAnalyticsPluginIntegrationTests.swift in Sources */,
				6857648928AE9951000CE2E9 /* TestConfigHelper.swift in Sources */,
			);
			runOnlyForDeploymentPostprocessing = 0;
		};
		97914D2329564227002000EA /* Sources */ = {
			isa = PBXSourcesBuildPhase;
			buildActionMask = 2147483647;
			files = (
				97914D3029564246002000EA /* AnalyticsStressTests.swift in Sources */,
				97914D2429564227002000EA /* AsyncTesting.swift in Sources */,
				97914D2529564227002000EA /* AsyncExpectation.swift in Sources */,
				97914D2629564227002000EA /* XCTestCase+AsyncTesting.swift in Sources */,
				97914D2829564227002000EA /* TestConfigHelper.swift in Sources */,
			);
			runOnlyForDeploymentPostprocessing = 0;
		};
/* End PBXSourcesBuildPhase section */

/* Begin PBXTargetDependency section */
		6857647B28AE95ED000CE2E9 /* PBXTargetDependency */ = {
			isa = PBXTargetDependency;
			target = 6857645B28AE94D9000CE2E9 /* AnalyticsHostApp */;
			targetProxy = 6857647A28AE95ED000CE2E9 /* PBXContainerItemProxy */;
		};
		97914D2129564227002000EA /* PBXTargetDependency */ = {
			isa = PBXTargetDependency;
			target = 6857645B28AE94D9000CE2E9 /* AnalyticsHostApp */;
			targetProxy = 97914D2229564227002000EA /* PBXContainerItemProxy */;
		};
/* End PBXTargetDependency section */

/* Begin XCBuildConfiguration section */
		6857646828AE94DA000CE2E9 /* Debug */ = {
			isa = XCBuildConfiguration;
			buildSettings = {
				ALWAYS_SEARCH_USER_PATHS = NO;
				CLANG_ANALYZER_NONNULL = YES;
				CLANG_ANALYZER_NUMBER_OBJECT_CONVERSION = YES_AGGRESSIVE;
				CLANG_CXX_LANGUAGE_STANDARD = "gnu++17";
				CLANG_ENABLE_MODULES = YES;
				CLANG_ENABLE_OBJC_ARC = YES;
				CLANG_ENABLE_OBJC_WEAK = YES;
				CLANG_WARN_BLOCK_CAPTURE_AUTORELEASING = YES;
				CLANG_WARN_BOOL_CONVERSION = YES;
				CLANG_WARN_COMMA = YES;
				CLANG_WARN_CONSTANT_CONVERSION = YES;
				CLANG_WARN_DEPRECATED_OBJC_IMPLEMENTATIONS = YES;
				CLANG_WARN_DIRECT_OBJC_ISA_USAGE = YES_ERROR;
				CLANG_WARN_DOCUMENTATION_COMMENTS = YES;
				CLANG_WARN_EMPTY_BODY = YES;
				CLANG_WARN_ENUM_CONVERSION = YES;
				CLANG_WARN_INFINITE_RECURSION = YES;
				CLANG_WARN_INT_CONVERSION = YES;
				CLANG_WARN_NON_LITERAL_NULL_CONVERSION = YES;
				CLANG_WARN_OBJC_IMPLICIT_RETAIN_SELF = YES;
				CLANG_WARN_OBJC_LITERAL_CONVERSION = YES;
				CLANG_WARN_OBJC_ROOT_CLASS = YES_ERROR;
				CLANG_WARN_QUOTED_INCLUDE_IN_FRAMEWORK_HEADER = YES;
				CLANG_WARN_RANGE_LOOP_ANALYSIS = YES;
				CLANG_WARN_STRICT_PROTOTYPES = YES;
				CLANG_WARN_SUSPICIOUS_MOVE = YES;
				CLANG_WARN_UNGUARDED_AVAILABILITY = YES_AGGRESSIVE;
				CLANG_WARN_UNREACHABLE_CODE = YES;
				CLANG_WARN__DUPLICATE_METHOD_MATCH = YES;
				COPY_PHASE_STRIP = NO;
				DEBUG_INFORMATION_FORMAT = dwarf;
				ENABLE_STRICT_OBJC_MSGSEND = YES;
				ENABLE_TESTABILITY = YES;
				GCC_C_LANGUAGE_STANDARD = gnu11;
				GCC_DYNAMIC_NO_PIC = NO;
				GCC_NO_COMMON_BLOCKS = YES;
				GCC_OPTIMIZATION_LEVEL = 0;
				GCC_PREPROCESSOR_DEFINITIONS = (
					"DEBUG=1",
					"$(inherited)",
				);
				GCC_WARN_64_TO_32_BIT_CONVERSION = YES;
				GCC_WARN_ABOUT_RETURN_TYPE = YES_ERROR;
				GCC_WARN_UNDECLARED_SELECTOR = YES;
				GCC_WARN_UNINITIALIZED_AUTOS = YES_AGGRESSIVE;
				GCC_WARN_UNUSED_FUNCTION = YES;
				GCC_WARN_UNUSED_VARIABLE = YES;
				IPHONEOS_DEPLOYMENT_TARGET = 15.5;
				MTL_ENABLE_DEBUG_INFO = INCLUDE_SOURCE;
				MTL_FAST_MATH = YES;
				ONLY_ACTIVE_ARCH = YES;
				SDKROOT = iphoneos;
				SWIFT_ACTIVE_COMPILATION_CONDITIONS = DEBUG;
				SWIFT_OPTIMIZATION_LEVEL = "-Onone";
			};
			name = Debug;
		};
		6857646928AE94DA000CE2E9 /* Release */ = {
			isa = XCBuildConfiguration;
			buildSettings = {
				ALWAYS_SEARCH_USER_PATHS = NO;
				CLANG_ANALYZER_NONNULL = YES;
				CLANG_ANALYZER_NUMBER_OBJECT_CONVERSION = YES_AGGRESSIVE;
				CLANG_CXX_LANGUAGE_STANDARD = "gnu++17";
				CLANG_ENABLE_MODULES = YES;
				CLANG_ENABLE_OBJC_ARC = YES;
				CLANG_ENABLE_OBJC_WEAK = YES;
				CLANG_WARN_BLOCK_CAPTURE_AUTORELEASING = YES;
				CLANG_WARN_BOOL_CONVERSION = YES;
				CLANG_WARN_COMMA = YES;
				CLANG_WARN_CONSTANT_CONVERSION = YES;
				CLANG_WARN_DEPRECATED_OBJC_IMPLEMENTATIONS = YES;
				CLANG_WARN_DIRECT_OBJC_ISA_USAGE = YES_ERROR;
				CLANG_WARN_DOCUMENTATION_COMMENTS = YES;
				CLANG_WARN_EMPTY_BODY = YES;
				CLANG_WARN_ENUM_CONVERSION = YES;
				CLANG_WARN_INFINITE_RECURSION = YES;
				CLANG_WARN_INT_CONVERSION = YES;
				CLANG_WARN_NON_LITERAL_NULL_CONVERSION = YES;
				CLANG_WARN_OBJC_IMPLICIT_RETAIN_SELF = YES;
				CLANG_WARN_OBJC_LITERAL_CONVERSION = YES;
				CLANG_WARN_OBJC_ROOT_CLASS = YES_ERROR;
				CLANG_WARN_QUOTED_INCLUDE_IN_FRAMEWORK_HEADER = YES;
				CLANG_WARN_RANGE_LOOP_ANALYSIS = YES;
				CLANG_WARN_STRICT_PROTOTYPES = YES;
				CLANG_WARN_SUSPICIOUS_MOVE = YES;
				CLANG_WARN_UNGUARDED_AVAILABILITY = YES_AGGRESSIVE;
				CLANG_WARN_UNREACHABLE_CODE = YES;
				CLANG_WARN__DUPLICATE_METHOD_MATCH = YES;
				COPY_PHASE_STRIP = NO;
				DEBUG_INFORMATION_FORMAT = "dwarf-with-dsym";
				ENABLE_NS_ASSERTIONS = NO;
				ENABLE_STRICT_OBJC_MSGSEND = YES;
				GCC_C_LANGUAGE_STANDARD = gnu11;
				GCC_NO_COMMON_BLOCKS = YES;
				GCC_WARN_64_TO_32_BIT_CONVERSION = YES;
				GCC_WARN_ABOUT_RETURN_TYPE = YES_ERROR;
				GCC_WARN_UNDECLARED_SELECTOR = YES;
				GCC_WARN_UNINITIALIZED_AUTOS = YES_AGGRESSIVE;
				GCC_WARN_UNUSED_FUNCTION = YES;
				GCC_WARN_UNUSED_VARIABLE = YES;
				IPHONEOS_DEPLOYMENT_TARGET = 15.5;
				MTL_ENABLE_DEBUG_INFO = NO;
				MTL_FAST_MATH = YES;
				SDKROOT = iphoneos;
				SWIFT_COMPILATION_MODE = wholemodule;
				SWIFT_OPTIMIZATION_LEVEL = "-O";
				VALIDATE_PRODUCT = YES;
			};
			name = Release;
		};
		6857646B28AE94DA000CE2E9 /* Debug */ = {
			isa = XCBuildConfiguration;
			buildSettings = {
				ASSETCATALOG_COMPILER_GLOBAL_ACCENT_COLOR_NAME = AccentColor;
				CODE_SIGN_ENTITLEMENTS = AnalyticsHostApp/AnalyticsHostApp.entitlements;
				CODE_SIGN_STYLE = Automatic;
				CURRENT_PROJECT_VERSION = 1;
				DEVELOPMENT_ASSET_PATHS = "";
				DEVELOPMENT_TEAM = WQ8PHYV36N;
				ENABLE_PREVIEWS = YES;
				GENERATE_INFOPLIST_FILE = YES;
				INFOPLIST_KEY_UIApplicationSceneManifest_Generation = YES;
				INFOPLIST_KEY_UIApplicationSupportsIndirectInputEvents = YES;
				INFOPLIST_KEY_UILaunchScreen_Generation = YES;
				INFOPLIST_KEY_UISupportedInterfaceOrientations_iPad = "UIInterfaceOrientationPortrait UIInterfaceOrientationPortraitUpsideDown UIInterfaceOrientationLandscapeLeft UIInterfaceOrientationLandscapeRight";
				INFOPLIST_KEY_UISupportedInterfaceOrientations_iPhone = "UIInterfaceOrientationPortrait UIInterfaceOrientationLandscapeLeft UIInterfaceOrientationLandscapeRight";
				LD_RUNPATH_SEARCH_PATHS = (
					"$(inherited)",
					"@executable_path/Frameworks",
				);
				MARKETING_VERSION = 1.0;
				PRODUCT_BUNDLE_IDENTIFIER = io.coffee.com.aws.amplify.analytics.AnalyticsHostApp;
				PRODUCT_NAME = "$(TARGET_NAME)";
				SUPPORTED_PLATFORMS = "iphoneos iphonesimulator xros xrsimulator";
				SUPPORTS_MACCATALYST = NO;
				SUPPORTS_MAC_DESIGNED_FOR_IPHONE_IPAD = NO;
				SUPPORTS_XR_DESIGNED_FOR_IPHONE_IPAD = NO;
				SWIFT_EMIT_LOC_STRINGS = YES;
				SWIFT_VERSION = 5.0;
				TARGETED_DEVICE_FAMILY = "1,2,7";
			};
			name = Debug;
		};
		6857646C28AE94DA000CE2E9 /* Release */ = {
			isa = XCBuildConfiguration;
			buildSettings = {
				ASSETCATALOG_COMPILER_GLOBAL_ACCENT_COLOR_NAME = AccentColor;
				CODE_SIGN_ENTITLEMENTS = AnalyticsHostApp/AnalyticsHostApp.entitlements;
				CODE_SIGN_STYLE = Automatic;
				CURRENT_PROJECT_VERSION = 1;
				DEVELOPMENT_ASSET_PATHS = "";
				DEVELOPMENT_TEAM = WQ8PHYV36N;
				ENABLE_PREVIEWS = YES;
				GENERATE_INFOPLIST_FILE = YES;
				INFOPLIST_KEY_UIApplicationSceneManifest_Generation = YES;
				INFOPLIST_KEY_UIApplicationSupportsIndirectInputEvents = YES;
				INFOPLIST_KEY_UILaunchScreen_Generation = YES;
				INFOPLIST_KEY_UISupportedInterfaceOrientations_iPad = "UIInterfaceOrientationPortrait UIInterfaceOrientationPortraitUpsideDown UIInterfaceOrientationLandscapeLeft UIInterfaceOrientationLandscapeRight";
				INFOPLIST_KEY_UISupportedInterfaceOrientations_iPhone = "UIInterfaceOrientationPortrait UIInterfaceOrientationLandscapeLeft UIInterfaceOrientationLandscapeRight";
				LD_RUNPATH_SEARCH_PATHS = (
					"$(inherited)",
					"@executable_path/Frameworks",
				);
				MARKETING_VERSION = 1.0;
				PRODUCT_BUNDLE_IDENTIFIER = io.coffee.com.aws.amplify.analytics.AnalyticsHostApp;
				PRODUCT_NAME = "$(TARGET_NAME)";
				SUPPORTED_PLATFORMS = "iphoneos iphonesimulator xros xrsimulator";
				SUPPORTS_MACCATALYST = NO;
				SUPPORTS_MAC_DESIGNED_FOR_IPHONE_IPAD = NO;
				SUPPORTS_XR_DESIGNED_FOR_IPHONE_IPAD = NO;
				SWIFT_EMIT_LOC_STRINGS = YES;
				SWIFT_VERSION = 5.0;
				TARGETED_DEVICE_FAMILY = "1,2,7";
			};
			name = Release;
		};
		6857647D28AE95ED000CE2E9 /* Debug */ = {
			isa = XCBuildConfiguration;
			buildSettings = {
				BUNDLE_LOADER = "$(TEST_HOST)";
				CODE_SIGN_STYLE = Automatic;
				CURRENT_PROJECT_VERSION = 1;
				DEVELOPMENT_TEAM = WQ8PHYV36N;
				GENERATE_INFOPLIST_FILE = YES;
				MARKETING_VERSION = 1.0;
				PRODUCT_BUNDLE_IDENTIFIER = io.coffee.com.aws.amplify.analytics.AWSPinpointAnalyticsPluginIntegrationTests;
				PRODUCT_NAME = "$(TARGET_NAME)";
				SUPPORTED_PLATFORMS = "iphoneos iphonesimulator xros xrsimulator";
				SUPPORTS_MACCATALYST = YES;
				SUPPORTS_MAC_DESIGNED_FOR_IPHONE_IPAD = NO;
				SUPPORTS_XR_DESIGNED_FOR_IPHONE_IPAD = NO;
				SWIFT_EMIT_LOC_STRINGS = NO;
				SWIFT_VERSION = 5.0;
				TARGETED_DEVICE_FAMILY = "1,2,7";
				TEST_HOST = "$(BUILT_PRODUCTS_DIR)/AnalyticsHostApp.app/AnalyticsHostApp";
			};
			name = Debug;
		};
		6857647E28AE95ED000CE2E9 /* Release */ = {
			isa = XCBuildConfiguration;
			buildSettings = {
				BUNDLE_LOADER = "$(TEST_HOST)";
				CODE_SIGN_STYLE = Automatic;
				CURRENT_PROJECT_VERSION = 1;
				DEVELOPMENT_TEAM = WQ8PHYV36N;
				GENERATE_INFOPLIST_FILE = YES;
				MARKETING_VERSION = 1.0;
				PRODUCT_BUNDLE_IDENTIFIER = io.coffee.com.aws.amplify.analytics.AWSPinpointAnalyticsPluginIntegrationTests;
				PRODUCT_NAME = "$(TARGET_NAME)";
				SUPPORTED_PLATFORMS = "iphoneos iphonesimulator xros xrsimulator";
				SUPPORTS_MACCATALYST = YES;
				SUPPORTS_MAC_DESIGNED_FOR_IPHONE_IPAD = NO;
				SUPPORTS_XR_DESIGNED_FOR_IPHONE_IPAD = NO;
				SWIFT_EMIT_LOC_STRINGS = NO;
				SWIFT_VERSION = 5.0;
				TARGETED_DEVICE_FAMILY = "1,2,7";
				TEST_HOST = "$(BUILT_PRODUCTS_DIR)/AnalyticsHostApp.app/AnalyticsHostApp";
			};
			name = Release;
		};
		97914D2D29564227002000EA /* Debug */ = {
			isa = XCBuildConfiguration;
			buildSettings = {
				BUNDLE_LOADER = "$(TEST_HOST)";
				CODE_SIGN_STYLE = Automatic;
				CURRENT_PROJECT_VERSION = 1;
				DEVELOPMENT_TEAM = WQ8PHYV36N;
				GENERATE_INFOPLIST_FILE = YES;
				MARKETING_VERSION = 1.0;
				PRODUCT_BUNDLE_IDENTIFIER = io.coffee.com.aws.amplify.analytics.AWSAnalyticsStressTests;
				PRODUCT_NAME = "$(TARGET_NAME)";
				SUPPORTED_PLATFORMS = "iphoneos iphonesimulator xros xrsimulator";
				SUPPORTS_MACCATALYST = YES;
				SUPPORTS_MAC_DESIGNED_FOR_IPHONE_IPAD = NO;
				SUPPORTS_XR_DESIGNED_FOR_IPHONE_IPAD = NO;
				SWIFT_EMIT_LOC_STRINGS = NO;
				SWIFT_VERSION = 5.0;
				TARGETED_DEVICE_FAMILY = "1,2,7";
				TEST_HOST = "$(BUILT_PRODUCTS_DIR)/AnalyticsHostApp.app/AnalyticsHostApp";
			};
			name = Debug;
		};
		97914D2E29564227002000EA /* Release */ = {
			isa = XCBuildConfiguration;
			buildSettings = {
				BUNDLE_LOADER = "$(TEST_HOST)";
				CODE_SIGN_STYLE = Automatic;
				CURRENT_PROJECT_VERSION = 1;
				DEVELOPMENT_TEAM = WQ8PHYV36N;
				GENERATE_INFOPLIST_FILE = YES;
				MARKETING_VERSION = 1.0;
				PRODUCT_BUNDLE_IDENTIFIER = io.coffee.com.aws.amplify.analytics.AWSAnalyticsStressTests;
				PRODUCT_NAME = "$(TARGET_NAME)";
				SUPPORTED_PLATFORMS = "iphoneos iphonesimulator xros xrsimulator";
				SUPPORTS_MACCATALYST = YES;
				SUPPORTS_MAC_DESIGNED_FOR_IPHONE_IPAD = NO;
				SUPPORTS_XR_DESIGNED_FOR_IPHONE_IPAD = NO;
				SWIFT_EMIT_LOC_STRINGS = NO;
				SWIFT_VERSION = 5.0;
				TARGETED_DEVICE_FAMILY = "1,2,7";
				TEST_HOST = "$(BUILT_PRODUCTS_DIR)/AnalyticsHostApp.app/AnalyticsHostApp";
			};
			name = Release;
		};
/* End XCBuildConfiguration section */

/* Begin XCConfigurationList section */
		6857645728AE94D9000CE2E9 /* Build configuration list for PBXProject "AnalyticsHostApp" */ = {
			isa = XCConfigurationList;
			buildConfigurations = (
				6857646828AE94DA000CE2E9 /* Debug */,
				6857646928AE94DA000CE2E9 /* Release */,
			);
			defaultConfigurationIsVisible = 0;
			defaultConfigurationName = Release;
		};
		6857646A28AE94DA000CE2E9 /* Build configuration list for PBXNativeTarget "AnalyticsHostApp" */ = {
			isa = XCConfigurationList;
			buildConfigurations = (
				6857646B28AE94DA000CE2E9 /* Debug */,
				6857646C28AE94DA000CE2E9 /* Release */,
			);
			defaultConfigurationIsVisible = 0;
			defaultConfigurationName = Release;
		};
		6857647C28AE95ED000CE2E9 /* Build configuration list for PBXNativeTarget "AWSPinpointAnalyticsPluginIntegrationTests" */ = {
			isa = XCConfigurationList;
			buildConfigurations = (
				6857647D28AE95ED000CE2E9 /* Debug */,
				6857647E28AE95ED000CE2E9 /* Release */,
			);
			defaultConfigurationIsVisible = 0;
			defaultConfigurationName = Release;
		};
		97914D2C29564227002000EA /* Build configuration list for PBXNativeTarget "AnalyticsStressTests" */ = {
			isa = XCConfigurationList;
			buildConfigurations = (
				97914D2D29564227002000EA /* Debug */,
				97914D2E29564227002000EA /* Release */,
			);
			defaultConfigurationIsVisible = 0;
			defaultConfigurationName = Release;
		};
/* End XCConfigurationList section */

/* Begin XCSwiftPackageProductDependency section */
		5C2E096729551E3100673FF9 /* Amplify */ = {
			isa = XCSwiftPackageProductDependency;
			productName = Amplify;
		};
		5C2E096929551E3F00673FF9 /* AWSPinpointAnalyticsPlugin */ = {
			isa = XCSwiftPackageProductDependency;
			productName = AWSPinpointAnalyticsPlugin;
		};
		5C2E096B2955210C00673FF9 /* AWSPluginsCore */ = {
			isa = XCSwiftPackageProductDependency;
			productName = AWSPluginsCore;
		};
/* End XCSwiftPackageProductDependency section */
	};
	rootObject = 6857645428AE94D9000CE2E9 /* Project object */;
}
