PODS:
  - Amplify (1.30.1):
    - Amplify/Default (= 1.30.1)
  - Amplify/Default (1.30.1)
  - AmplifyPlugins/AWSCognitoAuthPlugin (1.30.1):
    - AWSAuthCore (~> 2.33.0)
    - AWSCognitoIdentityProvider (~> 2.33.0)
    - AWSCognitoIdentityProviderASF (~> 2.33.0)
    - AWSCore (~> 2.33.0)
    - AWSMobileClient (~> 2.33.0)
    - AWSPluginsCore (= 1.30.1)
  - AmplifyTestCommon (1.30.1):
    - Amplify (= 1.30.1)
    - AmplifyTestCommon/AWSPluginsTestCommon (= 1.30.1)
    - CwlPreconditionTesting (~> 2.0)
  - AmplifyTestCommon/AWSPluginsTestCommon (1.30.1):
    - Amplify (= 1.30.1)
    - AWSCore (~> 2.33.0)
    - AWSMobileClient (~> 2.33.0)
    - AWSPluginsCore (= 1.30.1)
    - CwlPreconditionTesting (~> 2.0)
  - AWSAuthCore (2.33.0):
    - AWSCore (= 2.33.0)
  - AWSCognitoIdentityProvider (2.33.0):
    - AWSCognitoIdentityProviderASF (= 2.33.0)
    - AWSCore (= 2.33.0)
  - AWSCognitoIdentityProviderASF (2.33.0):
    - AWSCore (= 2.33.0)
  - AWSCore (2.33.0)
  - AWSLocation (2.33.0):
    - AWSCore (= 2.33.0)
  - AWSMobileClient (2.33.0):
    - AWSAuthCore (= 2.33.0)
    - AWSCognitoIdentityProvider (= 2.33.0)
    - AWSCognitoIdentityProviderASF (= 2.33.0)
    - AWSCore (= 2.33.0)
  - AWSPluginsCore (1.30.1):
    - Amplify (= 1.30.1)
    - AWSCore (~> 2.33.0)
  - CwlCatchException (2.1.1):
    - CwlCatchExceptionSupport (~> 2.1.1)
  - CwlCatchExceptionSupport (2.1.2)
  - CwlMachBadInstructionHandler (2.1.2)
  - CwlPosixPreconditionTesting (2.1.2)
  - CwlPreconditionTesting (2.1.0):
    - CwlCatchException (~> 2.1.1)
    - CwlMachBadInstructionHandler (~> 2.1.0)
    - CwlPosixPreconditionTesting (~> 2.1.0)
  - SwiftFormat/CLI (0.44.17)
  - SwiftLint (0.49.1)

DEPENDENCIES:
  - Amplify (from `../../`)
  - AmplifyPlugins/AWSCognitoAuthPlugin (from `../../`)
  - AmplifyTestCommon (from `../../`)
  - AWSLocation (~> 2.33.0)
  - AWSPluginsCore (from `../../`)
  - CwlCatchException (= 2.1.1)
  - CwlPreconditionTesting (from `https://github.com/mattgallagher/CwlPreconditionTesting.git`, tag `2.1.0`)
  - SwiftFormat/CLI (= 0.44.17)
  - SwiftLint (= 0.49.1)

SPEC REPOS:
  trunk:
    - AWSAuthCore
    - AWSCognitoIdentityProvider
    - AWSCognitoIdentityProviderASF
    - AWSCore
    - AWSLocation
    - AWSMobileClient
    - CwlCatchException
    - CwlCatchExceptionSupport
    - CwlMachBadInstructionHandler
    - CwlPosixPreconditionTesting
    - SwiftFormat
    - SwiftLint

EXTERNAL SOURCES:
  Amplify:
    :path: "../../"
  AmplifyPlugins:
    :path: "../../"
  AmplifyTestCommon:
    :path: "../../"
  AWSPluginsCore:
    :path: "../../"
  CwlPreconditionTesting:
    :git: https://github.com/mattgallagher/CwlPreconditionTesting.git
    :tag: 2.1.0

CHECKOUT OPTIONS:
  CwlPreconditionTesting:
    :git: https://github.com/mattgallagher/CwlPreconditionTesting.git
    :tag: 2.1.0

SPEC CHECKSUMS:
  Amplify: 374e7d1fce6c00c79521d70f17b8551a3731ab6c
  AmplifyPlugins: 033d934593fd132f127ae6ad5053136e73595b15
  AmplifyTestCommon: 294e9d964a5078beb0df97466173cedd23f52cf5
  AWSAuthCore: 544324f7c595cba78440027039c4429e6ce588fa
  AWSCognitoIdentityProvider: f7364fdae1109e6f326c19e98f5ed5b5d413d929
  AWSCognitoIdentityProviderASF: 2023303dc28588dfe95a4152e588bcea5e1f57ec
  AWSCore: ff962198e35c750cb1d59cd459c51f1990e3ec68
  AWSLocation: be834a971f026f719abf474310a3de736c6689bd
  AWSMobileClient: 9fab7504e6403dda5988471aa82cfd33ef8a8b78
  AWSPluginsCore: 8cf2d2d7715499a51f5f610865fdd50d6cfd2f19
  CwlCatchException: 86760545af2a490a23e964d76d7c77442dbce79b
  CwlCatchExceptionSupport: 42bf8c5e4e5e663f51100ddfa68caf7cfcf64ab6
  CwlMachBadInstructionHandler: b982c7e3e44fcfa1c680e8046f6bba35f3476d65
  CwlPosixPreconditionTesting: 4011f0660c0be460b088d10bcfdf351c7e036ac4
  CwlPreconditionTesting: 73ae5de517a8761e5e40fb4136c6a26365af0440
  SwiftFormat: 3b5caa6389b2b9adbc00e133b3ccc8c6e687a6a4
  SwiftLint: 32ee33ded0636d0905ef6911b2b67bbaeeedafa5

PODFILE CHECKSUM: eac71f2c18215703baf5648bacac93d4641c2d87

COCOAPODS: 1.11.3
